
Microsoft Visual Studio Solution File, Format Version 12.00
# Visual Studio 15
VisualStudioVersion = 15.0.27130.2036
MinimumVisualStudioVersion = 10.0.40219.1
Project("{2150E333-8FDC-42A3-9474-1A3956D46DE8}") = "Libs", "Libs", "{EF8BA2C8-EAB7-447D-93A4-742B7C5D0346}"
EndProject
Project("{9A19103F-16F7-4668-BE54-9A1E7A4F7556}") = "NTPAC.PcapLoader", "NTPAC.PcapLoader\NTPAC.PcapLoader.csproj", "{912FACDC-41F9-40FF-AAEA-783813BAE355}"
EndProject
Project("{9A19103F-16F7-4668-BE54-9A1E7A4F7556}") = "NTPAC.PcapLoader.Tests", "NTPAC.PcapLoader.Tests\NTPAC.PcapLoader.Tests.csproj", "{9CF46DA8-9C79-456E-BC36-09E0834415A9}"
EndProject
Project("{9A19103F-16F7-4668-BE54-9A1E7A4F7556}") = "NTPAC.Common", "NTPAC.Common\NTPAC.Common.csproj", "{E2D0ABFD-362D-4E08-81E7-8710EFAE09F1}"
EndProject
Project("{9A19103F-16F7-4668-BE54-9A1E7A4F7556}") = "NTPAC.AkkaSupport", "NTPAC.AkkaSupport\NTPAC.AkkaSupport.csproj", "{25413B10-69BA-418F-A6A0-204961105DD1}"
EndProject
Project("{9A19103F-16F7-4668-BE54-9A1E7A4F7556}") = "NTPAC.ConversationTracking.Messages", "NTPAC.Messages\NTPAC.ConversationTracking.Messages.csproj", "{8508E019-7E7E-4DE8-B703-C6A8C75FFF1D}"
EndProject
Project("{9A19103F-16F7-4668-BE54-9A1E7A4F7556}") = "NTPAC.LoadBalancerCli", "NTPAC.LoadBalancerCli\NTPAC.LoadBalancerCli.csproj", "{608F3A2B-C0E7-4187-A981-7D40CBB91A35}"
EndProject
Project("{9A19103F-16F7-4668-BE54-9A1E7A4F7556}") = "NTPAC.LoadBalancer", "NTPAC.LoadBalancer\NTPAC.LoadBalancer.csproj", "{A7BBA871-982E-418A-A7D3-686F16795041}"
EndProject
Project("{E53339B2-1760-4266-BCC7-CA923CBCF16C}") = "docker-compose", "docker-compose.dcproj", "{97CFC041-8640-4362-AE2C-7EA33FBF3034}"
EndProject
Project("{9A19103F-16F7-4668-BE54-9A1E7A4F7556}") = "Lighthouse.NetCoreApp", "Lighthouse.NetCoreApp\Lighthouse.NetCoreApp.csproj", "{9F24F65A-068D-43D4-A162-B945CB201BCD}"
EndProject
Project("{2150E333-8FDC-42A3-9474-1A3956D46DE8}") = "Solution Items", "Solution Items", "{E3B59AC0-4850-4FB6-A08D-83494F26D6BD}"
	ProjectSection(SolutionItems) = preProject
		..\.gitattributes = ..\.gitattributes
		..\.gitignore = ..\.gitignore
		..\.gitmodules = ..\.gitmodules
		docker-compose-cassandra-cluster.yml = docker-compose-cassandra-cluster.yml
		nuget.config = nuget.config
		..\README.md = ..\README.md
	EndProjectSection
EndProject
Project("{9A19103F-16F7-4668-BE54-9A1E7A4F7556}") = "NTPAC.Reassembling", "NTPAC.Reassembling\NTPAC.Reassembling.csproj", "{AC2085C4-9504-483D-84D8-BD02E08B654B}"
EndProject
Project("{9A19103F-16F7-4668-BE54-9A1E7A4F7556}") = "NTPAC.Reassembling.Tests", "NTPAC.Reassembling.Tests\NTPAC.Reassembling.Tests.csproj", "{79F4C4B9-5010-4C10-8E98-04FCF555F126}"
EndProject
Project("{9A19103F-16F7-4668-BE54-9A1E7A4F7556}") = "NTPAC.PcapLoader.Benchmark", "NTPAC.PcapLoader.Benchmark\NTPAC.PcapLoader.Benchmark.csproj", "{0C3D5FA7-5100-45BD-B9D4-66982DF9BAAF}"
EndProject
Project("{9A19103F-16F7-4668-BE54-9A1E7A4F7556}") = "NTPAC.Actors.BenchmarkImplementations", "NTPAC.Actors.BenchmarkImplementations\NTPAC.Actors.BenchmarkImplementations.csproj", "{3D6909CB-FAE5-43D0-9EE4-FD580115994E}"
EndProject
Project("{9A19103F-16F7-4668-BE54-9A1E7A4F7556}") = "NTPAC.Actors.Benchmarks", "NTPAC.Actors.Benchmarks\NTPAC.Actors.Benchmarks.csproj", "{6E67C138-9C4D-47F3-B88F-F10B1FA987B6}"
EndProject
Project("{2150E333-8FDC-42A3-9474-1A3956D46DE8}") = "Tests", "Tests", "{A10D6ACD-E80F-4EA5-B327-AEE29B2F84D8}"
EndProject
Project("{2150E333-8FDC-42A3-9474-1A3956D46DE8}") = "Benchmarks", "Benchmarks", "{05B1560F-B4F8-4753-B57E-A35CDC521CDD}"
EndProject
Project("{9A19103F-16F7-4668-BE54-9A1E7A4F7556}") = "NTPAC.LoadBalancer.Messages", "NTPAC.LoadBalancer.Messages\NTPAC.LoadBalancer.Messages.csproj", "{A6369705-4F6D-42A2-932D-EA1E6E682E84}"
EndProject
Project("{9A19103F-16F7-4668-BE54-9A1E7A4F7556}") = "NTPAC.LoadBalancer.Actors", "NTPAC.LoadBalancer.Actors\NTPAC.LoadBalancer.Actors.csproj", "{4865352D-9842-4EB3-8B75-2146014C6E83}"
EndProject
Project("{9A19103F-16F7-4668-BE54-9A1E7A4F7556}") = "NTPAC.ConversationTracking.Actors", "NTPAC.ConversationTracking.Actors\NTPAC.ConversationTracking.Actors.csproj", "{8FEAF15F-8074-49E3-9EF2-A31D1E1833A8}"
EndProject
Project("{9A19103F-16F7-4668-BE54-9A1E7A4F7556}") = "NTPAC.ConversationTracking", "NTPAC.ConversationTracking\NTPAC.ConversationTracking.csproj", "{A2719B44-8E20-4EAF-A8D8-0B54006933FB}"
EndProject
Project("{9A19103F-16F7-4668-BE54-9A1E7A4F7556}") = "NTPAC.ReassemblerCli", "NTPAC.ReassemblerCli\NTPAC.ReassemblerCli.csproj", "{7005C85A-72AE-48E9-B64B-7D2B14071939}"
EndProject
Project("{9A19103F-16F7-4668-BE54-9A1E7A4F7556}") = "NTPAC.LoadBalancer.Benchmark", "NTPAC.LoadBalancer.Benchmark\NTPAC.LoadBalancer.Benchmark.csproj", "{A40E71EA-9A93-4873-AA35-6B567B413AAE}"
EndProject
Project("{9A19103F-16F7-4668-BE54-9A1E7A4F7556}") = "Microsoft.Extensions.Logging.XunitLogger", "Libs\Microsoft.Extensions.Logging.XunitLogger\Microsoft.Extensions.Logging.XunitLogger.csproj", "{9F6322FE-C79B-4306-9907-06A750E4299C}"
EndProject
Project("{9A19103F-16F7-4668-BE54-9A1E7A4F7556}") = "Mappings.Benchmark", "Mappings.Benchmark\Mappings.Benchmark.csproj", "{A0A10018-2611-4A2E-9E6D-60E2696B6B2D}"
EndProject
Project("{9A19103F-16F7-4668-BE54-9A1E7A4F7556}") = "NTPAC.Persistence.Cassandra.Facades", "NTPAC.Persistence.Cassandra.Facades\NTPAC.Persistence.Cassandra.Facades.csproj", "{E5E2FA9F-F3A5-4F72-8525-036835332163}"
EndProject
Project("{2150E333-8FDC-42A3-9474-1A3956D46DE8}") = "NTPAC.LoadBalancer", "NTPAC.LoadBalancer", "{2A041191-CF54-40C5-B1C4-605163627501}"
EndProject
Project("{2150E333-8FDC-42A3-9474-1A3956D46DE8}") = "NTPAC.ConversationTracking", "NTPAC.ConversationTracking", "{B07FE8D7-A187-4759-9063-EAE3003590C8}"
EndProject
Project("{2150E333-8FDC-42A3-9474-1A3956D46DE8}") = "NTPAC.Persistence", "NTPAC.Persistence", "{6C4AD0EA-F5F6-4686-98BC-5314E4766BD7}"
EndProject
Project("{2150E333-8FDC-42A3-9474-1A3956D46DE8}") = "NTPAC.API", "NTPAC.API", "{5A4D3C8A-5107-41D4-B1AE-B0CB654ED803}"
EndProject
Project("{2150E333-8FDC-42A3-9474-1A3956D46DE8}") = "NTPAC.Akka", "NTPAC.Akka", "{D940A68E-B545-4061-A011-537EFFDE59AD}"
EndProject
Project("{9A19103F-16F7-4668-BE54-9A1E7A4F7556}") = "NTPAC.Persistence.Interfaces", "NTPAC.Persistence.Interfaces\NTPAC.Persistence.Interfaces.csproj", "{1C6710A7-055F-4797-9B76-03B10BEC41AE}"
EndProject
Project("{9A19103F-16F7-4668-BE54-9A1E7A4F7556}") = "NTPAC.Persistence.Cassandra.Migrations", "NTPAC.Persistence.Cassandra.Migrations\NTPAC.Persistence.Cassandra.Migrations.csproj", "{CE0EAAE2-6A5B-4DE0-B8AB-CFB4920CB6E0}"
EndProject
Project("{9A19103F-16F7-4668-BE54-9A1E7A4F7556}") = "NTPAC.ApiApp", "NTPAC.ApiApp\NTPAC.ApiApp.csproj", "{8105DD6E-2F5A-4EDC-B800-7582A0CF5270}"
EndProject
Project("{9A19103F-16F7-4668-BE54-9A1E7A4F7556}") = "NTPAC.Persistence.DevNull.Facades", "NTPAC.Persistence.DevNull.Facades\NTPAC.Persistence.DevNull.Facades.csproj", "{C167CF4D-7659-43E8-A70A-457559160104}"
EndProject
Project("{9A19103F-16F7-4668-BE54-9A1E7A4F7556}") = "NTPAC.Persistence.InMemory.Facades", "NTPAC.Persistence.InMemory.Facades\NTPAC.Persistence.InMemory.Facades.csproj", "{92F1FA6C-9772-4DD4-8D60-780FC20D63BB}"
EndProject
Project("{9A19103F-16F7-4668-BE54-9A1E7A4F7556}") = "NTPAC.Persistence.Entities", "NTPAC.Persistence.Entities\NTPAC.Persistence.Entities.csproj", "{A11D7AE6-6511-4CA1-89F1-768D1FE0270A}"
EndProject
Project("{2150E333-8FDC-42A3-9474-1A3956D46DE8}") = "NTPAC.LoadBalancer", "NTPAC.LoadBalancer", "{89624BA3-84EC-4D97-B717-BEAE658D6234}"
EndProject
Project("{9A19103F-16F7-4668-BE54-9A1E7A4F7556}") = "NTPAC.LoadBalancer.Tests", "NTPAC.LoadBalancer.Tests\NTPAC.LoadBalancer.Tests.csproj", "{890C5859-C3E4-44D6-9983-4B8994C6A7D0}"
EndProject
Project("{2150E333-8FDC-42A3-9474-1A3956D46DE8}") = "NTPAC.ConversationTracking", "NTPAC.ConversationTracking", "{05019ED2-4099-4A1F-A73D-7693EAEA88CD}"
EndProject
Project("{9A19103F-16F7-4668-BE54-9A1E7A4F7556}") = "NTPAC.ConversationTracking.Actors.Tests", "NTPAC.ConversationTracking.Actors.Tests\NTPAC.ConversationTracking.Actors.Tests.csproj", "{BA19DF29-5DA7-4225-BEAD-4685549B4683}"
EndProject
Project("{9A19103F-16F7-4668-BE54-9A1E7A4F7556}") = "NTPAC.LoadBalancer.Interfaces", "NTPAC.LoadBalancer.Interfaces\NTPAC.LoadBalancer.Interfaces.csproj", "{7124CCCF-A6B0-4112-8F5A-A7B8AE8DF941}"
EndProject
Project("{9A19103F-16F7-4668-BE54-9A1E7A4F7556}") = "NTPAC.LoadBalancer.Actors.Tests", "NTPAC.LoadBalancer.Actors.Tests\NTPAC.LoadBalancer.Actors.Tests.csproj", "{DA2B5ACD-8DAB-48E5-B2C4-0C476B10CC1A}"
EndProject
Project("{FAE04EC0-301F-11D3-BF4B-00C04F79EFBC}") = "NTPAC.ConversationTracking.Tests", "NTPAC.ConversationTracking.Tests\NTPAC.ConversationTracking.Tests.csproj", "{B77D3C67-B690-48CA-BB3A-E75CEC60892D}"
EndProject
Project("{FAE04EC0-301F-11D3-BF4B-00C04F79EFBC}") = "NTPAC.AkkaSupport.Interfaces", "NTPAC.AkkaSupport.Interfaces\NTPAC.AkkaSupport.Interfaces.csproj", "{E2417084-B584-4203-A099-1D53FA741976}"
EndProject
Project("{FAE04EC0-301F-11D3-BF4B-00C04F79EFBC}") = "NTPAC.ConversationTracking.Models", "NTPAC.ConversationTracking.Models\NTPAC.ConversationTracking.Models.csproj", "{1AF11F9D-DCC7-4BFD-993C-87BC5DF3E916}"
EndProject
Project("{FAE04EC0-301F-11D3-BF4B-00C04F79EFBC}") = "NTPAC.ConversationTracking.Interfaces", "NTPAC.ConversationTracking.Interfaces\NTPAC.ConversationTracking.Interfaces.csproj", "{7B8DCA18-2B76-46F1-89B7-C832CA8BE2FE}"
EndProject
Project("{FAE04EC0-301F-11D3-BF4B-00C04F79EFBC}") = "NTPAC.Persistence.Pcap.Facade", "NTPAC.Persistence.Pcap.Facade\NTPAC.Persistence.Pcap.Facade.csproj", "{5AA94509-3211-4209-B0B2-BCE5F5D2E722}"
EndProject
Project("{FAE04EC0-301F-11D3-BF4B-00C04F79EFBC}") = "NTPAC.Persistence.Models", "NTPAC.Persistence.Models\NTPAC.Persistence.Models.csproj", "{639F84E9-6474-4E23-9A8F-D862B9683BFA}"
EndProject
Project("{FAE04EC0-301F-11D3-BF4B-00C04F79EFBC}") = "NTPAC.ApplicationProtocolExport.Core", "NTPAC.ApplicationProtocolExport.Core\NTPAC.ApplicationProtocolExport.Core.csproj", "{033F9093-37A7-487B-B732-19546B456721}"
EndProject
Project("{2150E333-8FDC-42A3-9474-1A3956D46DE8}") = "NTPAC.ApplicationProtocolExport.Core", "NTPAC.ApplicationProtocolExport.Core", "{3E94EF8E-9538-4BA9-B39E-DCA17D582076}"
EndProject
Project("{FAE04EC0-301F-11D3-BF4B-00C04F79EFBC}") = "NTPAC.ApplicationProtocolExport.PduProviders.Tests", "NTPAC.ApplicationProtocolExport.PduProviders.Tests\NTPAC.ApplicationProtocolExport.PduProviders.Tests.csproj", "{32302219-C273-43DF-BC84-49CB5820D83C}"
EndProject
Project("{FAE04EC0-301F-11D3-BF4B-00C04F79EFBC}") = "NTPAC.Tests", "NTPAC.Tests\NTPAC.Tests.csproj", "{F5C0214E-11B3-41C6-A4B0-25A552170810}"
EndProject
Project("{FAE04EC0-301F-11D3-BF4B-00C04F79EFBC}") = "NTPAC.Persistence.DTO", "NTPAC.Persistence.DTO\NTPAC.Persistence.DTO.csproj", "{C2658461-18DD-42FE-98D5-873915413718}"
EndProject
Project("{2150E333-8FDC-42A3-9474-1A3956D46DE8}") = "NTPAC.ApplicationProtocolExport", "NTPAC.ApplicationProtocolExport", "{A9AEC794-1C6A-424F-AFEB-B87D5812F757}"
EndProject
Project("{FAE04EC0-301F-11D3-BF4B-00C04F79EFBC}") = "NTPAC.ApeCli", "NTPAC.ApeCli\NTPAC.ApeCli.csproj", "{E68B7FF3-541D-4DF8-9D2A-35E8C071463F}"
EndProject
Project("{2150E333-8FDC-42A3-9474-1A3956D46DE8}") = "Snoopers", "Snoopers", "{67B4C3B1-DF3C-46ED-9A5A-7BC38F7EB1AE}"
EndProject
Project("{FAE04EC0-301F-11D3-BF4B-00C04F79EFBC}") = "SnooperDNS", "Snoopers\SnooperDNS\SnooperDNS.csproj", "{3BDF367B-09C3-488B-87B1-DB02D53FDC59}"
EndProject
Project("{FAE04EC0-301F-11D3-BF4B-00C04F79EFBC}") = "NTPAC.ApplicationProtocolExport.Kaitai", "NTPAC.ApplicationProtocolExport.Kaitai\NTPAC.ApplicationProtocolExport.Kaitai.csproj", "{DCF7A36A-D62D-4018-8E8A-AF2D19723A16}"
EndProject
Project("{FAE04EC0-301F-11D3-BF4B-00C04F79EFBC}") = "SnooperHTTP", "Snoopers\SnooperHTTP\SnooperHTTP.csproj", "{E328F9B2-8E2B-45AD-88EF-0FFD4474C17D}"
EndProject
Project("{FAE04EC0-301F-11D3-BF4B-00C04F79EFBC}") = "NTPAC.Persistence.Generic.Facades", "NTPAC.Persistence.Generic.Facades\NTPAC.Persistence.Generic.Facades.csproj", "{1A60B0D8-25C1-4F05-B46F-DD1B5C11E8DA}"
EndProject
Project("{FAE04EC0-301F-11D3-BF4B-00C04F79EFBC}") = "NTPAC.ApplicationProtocolExport.L7ConversationProviders", "NTPAC.ApplicationProtocolExport.L7ConversationProviders\NTPAC.ApplicationProtocolExport.L7ConversationProviders.csproj", "{2125A16D-BA5B-4218-ADA9-A0CDB9EF1E71}"
EndProject
Project("{FAE04EC0-301F-11D3-BF4B-00C04F79EFBC}") = "NTPAC.ApplicationProtocolExport.Interfaces", "NTPAC.ApplicationProtocolExport.Interfaces\NTPAC.ApplicationProtocolExport.Interfaces.csproj", "{D5E93AEB-4850-4114-A334-B7911354E4D6}"
EndProject
Project("{FAE04EC0-301F-11D3-BF4B-00C04F79EFBC}") = "SnooperTLS", "Snoopers\SnooperTLS\SnooperTLS.csproj", "{E400310A-D26A-4ADA-839B-FB2B047F1646}"
EndProject
Project("{FAE04EC0-301F-11D3-BF4B-00C04F79EFBC}") = "NTPAC.PcapDistributionStatsCli", "NTPAC.PcapDistributionStatsCli\NTPAC.PcapDistributionStatsCli.csproj", "{6CCFFD0B-A4BC-4421-AE4A-2D41FAB447DA}"
EndProject
Project("{FAE04EC0-301F-11D3-BF4B-00C04F79EFBC}") = "NTPAC.LoadBalancer.RawPacketParser", "NTPAC.LoadBalancer.RawPacketParser\NTPAC.LoadBalancer.RawPacketParser.csproj", "{84FF4F90-FBFE-4B76-9ED7-FD0475BAB5E8}"
EndProject
Global
	GlobalSection(SolutionConfigurationPlatforms) = preSolution
		Debug|Any CPU = Debug|Any CPU
		Release|Any CPU = Release|Any CPU
	EndGlobalSection
	GlobalSection(ProjectConfigurationPlatforms) = postSolution
		{912FACDC-41F9-40FF-AAEA-783813BAE355}.Debug|Any CPU.ActiveCfg = Debug|Any CPU
		{912FACDC-41F9-40FF-AAEA-783813BAE355}.Debug|Any CPU.Build.0 = Debug|Any CPU
		{912FACDC-41F9-40FF-AAEA-783813BAE355}.Release|Any CPU.ActiveCfg = Release|Any CPU
		{912FACDC-41F9-40FF-AAEA-783813BAE355}.Release|Any CPU.Build.0 = Release|Any CPU
		{9CF46DA8-9C79-456E-BC36-09E0834415A9}.Debug|Any CPU.ActiveCfg = Debug|Any CPU
		{9CF46DA8-9C79-456E-BC36-09E0834415A9}.Debug|Any CPU.Build.0 = Debug|Any CPU
		{9CF46DA8-9C79-456E-BC36-09E0834415A9}.Release|Any CPU.ActiveCfg = Release|Any CPU
		{9CF46DA8-9C79-456E-BC36-09E0834415A9}.Release|Any CPU.Build.0 = Release|Any CPU
		{E2D0ABFD-362D-4E08-81E7-8710EFAE09F1}.Debug|Any CPU.ActiveCfg = Debug|Any CPU
		{E2D0ABFD-362D-4E08-81E7-8710EFAE09F1}.Debug|Any CPU.Build.0 = Debug|Any CPU
		{E2D0ABFD-362D-4E08-81E7-8710EFAE09F1}.Release|Any CPU.ActiveCfg = Release|Any CPU
		{E2D0ABFD-362D-4E08-81E7-8710EFAE09F1}.Release|Any CPU.Build.0 = Release|Any CPU
		{25413B10-69BA-418F-A6A0-204961105DD1}.Debug|Any CPU.ActiveCfg = Debug|Any CPU
		{25413B10-69BA-418F-A6A0-204961105DD1}.Debug|Any CPU.Build.0 = Debug|Any CPU
		{25413B10-69BA-418F-A6A0-204961105DD1}.Release|Any CPU.ActiveCfg = Release|Any CPU
		{25413B10-69BA-418F-A6A0-204961105DD1}.Release|Any CPU.Build.0 = Release|Any CPU
		{8508E019-7E7E-4DE8-B703-C6A8C75FFF1D}.Debug|Any CPU.ActiveCfg = Debug|Any CPU
		{8508E019-7E7E-4DE8-B703-C6A8C75FFF1D}.Debug|Any CPU.Build.0 = Debug|Any CPU
		{8508E019-7E7E-4DE8-B703-C6A8C75FFF1D}.Release|Any CPU.ActiveCfg = Release|Any CPU
		{8508E019-7E7E-4DE8-B703-C6A8C75FFF1D}.Release|Any CPU.Build.0 = Release|Any CPU
		{608F3A2B-C0E7-4187-A981-7D40CBB91A35}.Debug|Any CPU.ActiveCfg = Debug|Any CPU
		{608F3A2B-C0E7-4187-A981-7D40CBB91A35}.Debug|Any CPU.Build.0 = Debug|Any CPU
		{608F3A2B-C0E7-4187-A981-7D40CBB91A35}.Release|Any CPU.ActiveCfg = Release|Any CPU
		{608F3A2B-C0E7-4187-A981-7D40CBB91A35}.Release|Any CPU.Build.0 = Release|Any CPU
		{A7BBA871-982E-418A-A7D3-686F16795041}.Debug|Any CPU.ActiveCfg = Debug|Any CPU
		{A7BBA871-982E-418A-A7D3-686F16795041}.Debug|Any CPU.Build.0 = Debug|Any CPU
		{A7BBA871-982E-418A-A7D3-686F16795041}.Release|Any CPU.ActiveCfg = Release|Any CPU
		{A7BBA871-982E-418A-A7D3-686F16795041}.Release|Any CPU.Build.0 = Release|Any CPU
		{97CFC041-8640-4362-AE2C-7EA33FBF3034}.Debug|Any CPU.ActiveCfg = Debug|Any CPU
		{97CFC041-8640-4362-AE2C-7EA33FBF3034}.Release|Any CPU.ActiveCfg = Release|Any CPU
		{9F24F65A-068D-43D4-A162-B945CB201BCD}.Debug|Any CPU.ActiveCfg = Debug|Any CPU
		{9F24F65A-068D-43D4-A162-B945CB201BCD}.Debug|Any CPU.Build.0 = Debug|Any CPU
		{9F24F65A-068D-43D4-A162-B945CB201BCD}.Release|Any CPU.ActiveCfg = Release|Any CPU
		{9F24F65A-068D-43D4-A162-B945CB201BCD}.Release|Any CPU.Build.0 = Release|Any CPU
		{AC2085C4-9504-483D-84D8-BD02E08B654B}.Debug|Any CPU.ActiveCfg = Debug|Any CPU
		{AC2085C4-9504-483D-84D8-BD02E08B654B}.Debug|Any CPU.Build.0 = Debug|Any CPU
		{AC2085C4-9504-483D-84D8-BD02E08B654B}.Release|Any CPU.ActiveCfg = Release|Any CPU
		{AC2085C4-9504-483D-84D8-BD02E08B654B}.Release|Any CPU.Build.0 = Release|Any CPU
		{79F4C4B9-5010-4C10-8E98-04FCF555F126}.Debug|Any CPU.ActiveCfg = Debug|Any CPU
		{79F4C4B9-5010-4C10-8E98-04FCF555F126}.Debug|Any CPU.Build.0 = Debug|Any CPU
		{79F4C4B9-5010-4C10-8E98-04FCF555F126}.Release|Any CPU.ActiveCfg = Release|Any CPU
		{79F4C4B9-5010-4C10-8E98-04FCF555F126}.Release|Any CPU.Build.0 = Release|Any CPU
		{0C3D5FA7-5100-45BD-B9D4-66982DF9BAAF}.Debug|Any CPU.ActiveCfg = Debug|Any CPU
		{0C3D5FA7-5100-45BD-B9D4-66982DF9BAAF}.Debug|Any CPU.Build.0 = Debug|Any CPU
		{0C3D5FA7-5100-45BD-B9D4-66982DF9BAAF}.Release|Any CPU.ActiveCfg = Release|Any CPU
		{0C3D5FA7-5100-45BD-B9D4-66982DF9BAAF}.Release|Any CPU.Build.0 = Release|Any CPU
		{3D6909CB-FAE5-43D0-9EE4-FD580115994E}.Debug|Any CPU.ActiveCfg = Debug|Any CPU
		{3D6909CB-FAE5-43D0-9EE4-FD580115994E}.Debug|Any CPU.Build.0 = Debug|Any CPU
		{3D6909CB-FAE5-43D0-9EE4-FD580115994E}.Release|Any CPU.ActiveCfg = Release|Any CPU
		{3D6909CB-FAE5-43D0-9EE4-FD580115994E}.Release|Any CPU.Build.0 = Release|Any CPU
		{6E67C138-9C4D-47F3-B88F-F10B1FA987B6}.Debug|Any CPU.ActiveCfg = Debug|Any CPU
		{6E67C138-9C4D-47F3-B88F-F10B1FA987B6}.Debug|Any CPU.Build.0 = Debug|Any CPU
		{6E67C138-9C4D-47F3-B88F-F10B1FA987B6}.Release|Any CPU.ActiveCfg = Release|Any CPU
		{6E67C138-9C4D-47F3-B88F-F10B1FA987B6}.Release|Any CPU.Build.0 = Release|Any CPU
		{A6369705-4F6D-42A2-932D-EA1E6E682E84}.Debug|Any CPU.ActiveCfg = Debug|Any CPU
		{A6369705-4F6D-42A2-932D-EA1E6E682E84}.Debug|Any CPU.Build.0 = Debug|Any CPU
		{A6369705-4F6D-42A2-932D-EA1E6E682E84}.Release|Any CPU.ActiveCfg = Release|Any CPU
		{A6369705-4F6D-42A2-932D-EA1E6E682E84}.Release|Any CPU.Build.0 = Release|Any CPU
		{4865352D-9842-4EB3-8B75-2146014C6E83}.Debug|Any CPU.ActiveCfg = Debug|Any CPU
		{4865352D-9842-4EB3-8B75-2146014C6E83}.Debug|Any CPU.Build.0 = Debug|Any CPU
		{4865352D-9842-4EB3-8B75-2146014C6E83}.Release|Any CPU.ActiveCfg = Release|Any CPU
		{4865352D-9842-4EB3-8B75-2146014C6E83}.Release|Any CPU.Build.0 = Release|Any CPU
		{8FEAF15F-8074-49E3-9EF2-A31D1E1833A8}.Debug|Any CPU.ActiveCfg = Debug|Any CPU
		{8FEAF15F-8074-49E3-9EF2-A31D1E1833A8}.Debug|Any CPU.Build.0 = Debug|Any CPU
		{8FEAF15F-8074-49E3-9EF2-A31D1E1833A8}.Release|Any CPU.ActiveCfg = Release|Any CPU
		{8FEAF15F-8074-49E3-9EF2-A31D1E1833A8}.Release|Any CPU.Build.0 = Release|Any CPU
		{A2719B44-8E20-4EAF-A8D8-0B54006933FB}.Debug|Any CPU.ActiveCfg = Debug|Any CPU
		{A2719B44-8E20-4EAF-A8D8-0B54006933FB}.Debug|Any CPU.Build.0 = Debug|Any CPU
		{A2719B44-8E20-4EAF-A8D8-0B54006933FB}.Release|Any CPU.ActiveCfg = Release|Any CPU
		{A2719B44-8E20-4EAF-A8D8-0B54006933FB}.Release|Any CPU.Build.0 = Release|Any CPU
		{7005C85A-72AE-48E9-B64B-7D2B14071939}.Debug|Any CPU.ActiveCfg = Debug|Any CPU
		{7005C85A-72AE-48E9-B64B-7D2B14071939}.Debug|Any CPU.Build.0 = Debug|Any CPU
		{7005C85A-72AE-48E9-B64B-7D2B14071939}.Release|Any CPU.ActiveCfg = Release|Any CPU
		{7005C85A-72AE-48E9-B64B-7D2B14071939}.Release|Any CPU.Build.0 = Release|Any CPU
		{A40E71EA-9A93-4873-AA35-6B567B413AAE}.Debug|Any CPU.ActiveCfg = Debug|Any CPU
		{A40E71EA-9A93-4873-AA35-6B567B413AAE}.Debug|Any CPU.Build.0 = Debug|Any CPU
		{A40E71EA-9A93-4873-AA35-6B567B413AAE}.Release|Any CPU.ActiveCfg = Release|Any CPU
		{A40E71EA-9A93-4873-AA35-6B567B413AAE}.Release|Any CPU.Build.0 = Release|Any CPU
		{9F6322FE-C79B-4306-9907-06A750E4299C}.Debug|Any CPU.ActiveCfg = Debug|Any CPU
		{9F6322FE-C79B-4306-9907-06A750E4299C}.Debug|Any CPU.Build.0 = Debug|Any CPU
		{9F6322FE-C79B-4306-9907-06A750E4299C}.Release|Any CPU.ActiveCfg = Release|Any CPU
		{9F6322FE-C79B-4306-9907-06A750E4299C}.Release|Any CPU.Build.0 = Release|Any CPU
		{A0A10018-2611-4A2E-9E6D-60E2696B6B2D}.Debug|Any CPU.ActiveCfg = Debug|Any CPU
		{A0A10018-2611-4A2E-9E6D-60E2696B6B2D}.Debug|Any CPU.Build.0 = Debug|Any CPU
		{A0A10018-2611-4A2E-9E6D-60E2696B6B2D}.Release|Any CPU.ActiveCfg = Release|Any CPU
		{A0A10018-2611-4A2E-9E6D-60E2696B6B2D}.Release|Any CPU.Build.0 = Release|Any CPU
		{E5E2FA9F-F3A5-4F72-8525-036835332163}.Debug|Any CPU.ActiveCfg = Debug|Any CPU
		{E5E2FA9F-F3A5-4F72-8525-036835332163}.Debug|Any CPU.Build.0 = Debug|Any CPU
		{E5E2FA9F-F3A5-4F72-8525-036835332163}.Release|Any CPU.ActiveCfg = Release|Any CPU
		{E5E2FA9F-F3A5-4F72-8525-036835332163}.Release|Any CPU.Build.0 = Release|Any CPU
		{1C6710A7-055F-4797-9B76-03B10BEC41AE}.Debug|Any CPU.ActiveCfg = Debug|Any CPU
		{1C6710A7-055F-4797-9B76-03B10BEC41AE}.Debug|Any CPU.Build.0 = Debug|Any CPU
		{1C6710A7-055F-4797-9B76-03B10BEC41AE}.Release|Any CPU.ActiveCfg = Release|Any CPU
		{1C6710A7-055F-4797-9B76-03B10BEC41AE}.Release|Any CPU.Build.0 = Release|Any CPU
		{CE0EAAE2-6A5B-4DE0-B8AB-CFB4920CB6E0}.Debug|Any CPU.ActiveCfg = Debug|Any CPU
		{CE0EAAE2-6A5B-4DE0-B8AB-CFB4920CB6E0}.Debug|Any CPU.Build.0 = Debug|Any CPU
		{CE0EAAE2-6A5B-4DE0-B8AB-CFB4920CB6E0}.Release|Any CPU.ActiveCfg = Release|Any CPU
		{CE0EAAE2-6A5B-4DE0-B8AB-CFB4920CB6E0}.Release|Any CPU.Build.0 = Release|Any CPU
		{8105DD6E-2F5A-4EDC-B800-7582A0CF5270}.Debug|Any CPU.ActiveCfg = Debug|Any CPU
		{8105DD6E-2F5A-4EDC-B800-7582A0CF5270}.Debug|Any CPU.Build.0 = Debug|Any CPU
		{8105DD6E-2F5A-4EDC-B800-7582A0CF5270}.Release|Any CPU.ActiveCfg = Release|Any CPU
		{8105DD6E-2F5A-4EDC-B800-7582A0CF5270}.Release|Any CPU.Build.0 = Release|Any CPU
		{C167CF4D-7659-43E8-A70A-457559160104}.Debug|Any CPU.ActiveCfg = Debug|Any CPU
		{C167CF4D-7659-43E8-A70A-457559160104}.Debug|Any CPU.Build.0 = Debug|Any CPU
		{C167CF4D-7659-43E8-A70A-457559160104}.Release|Any CPU.ActiveCfg = Release|Any CPU
		{C167CF4D-7659-43E8-A70A-457559160104}.Release|Any CPU.Build.0 = Release|Any CPU
		{92F1FA6C-9772-4DD4-8D60-780FC20D63BB}.Debug|Any CPU.ActiveCfg = Debug|Any CPU
		{92F1FA6C-9772-4DD4-8D60-780FC20D63BB}.Debug|Any CPU.Build.0 = Debug|Any CPU
		{92F1FA6C-9772-4DD4-8D60-780FC20D63BB}.Release|Any CPU.ActiveCfg = Release|Any CPU
		{92F1FA6C-9772-4DD4-8D60-780FC20D63BB}.Release|Any CPU.Build.0 = Release|Any CPU
		{A11D7AE6-6511-4CA1-89F1-768D1FE0270A}.Debug|Any CPU.ActiveCfg = Debug|Any CPU
		{A11D7AE6-6511-4CA1-89F1-768D1FE0270A}.Debug|Any CPU.Build.0 = Debug|Any CPU
		{A11D7AE6-6511-4CA1-89F1-768D1FE0270A}.Release|Any CPU.ActiveCfg = Release|Any CPU
		{A11D7AE6-6511-4CA1-89F1-768D1FE0270A}.Release|Any CPU.Build.0 = Release|Any CPU
		{890C5859-C3E4-44D6-9983-4B8994C6A7D0}.Debug|Any CPU.ActiveCfg = Debug|Any CPU
		{890C5859-C3E4-44D6-9983-4B8994C6A7D0}.Debug|Any CPU.Build.0 = Debug|Any CPU
		{890C5859-C3E4-44D6-9983-4B8994C6A7D0}.Release|Any CPU.ActiveCfg = Release|Any CPU
		{890C5859-C3E4-44D6-9983-4B8994C6A7D0}.Release|Any CPU.Build.0 = Release|Any CPU
		{BA19DF29-5DA7-4225-BEAD-4685549B4683}.Debug|Any CPU.ActiveCfg = Debug|Any CPU
		{BA19DF29-5DA7-4225-BEAD-4685549B4683}.Debug|Any CPU.Build.0 = Debug|Any CPU
		{BA19DF29-5DA7-4225-BEAD-4685549B4683}.Release|Any CPU.ActiveCfg = Release|Any CPU
		{BA19DF29-5DA7-4225-BEAD-4685549B4683}.Release|Any CPU.Build.0 = Release|Any CPU
		{7124CCCF-A6B0-4112-8F5A-A7B8AE8DF941}.Debug|Any CPU.ActiveCfg = Debug|Any CPU
		{7124CCCF-A6B0-4112-8F5A-A7B8AE8DF941}.Debug|Any CPU.Build.0 = Debug|Any CPU
		{7124CCCF-A6B0-4112-8F5A-A7B8AE8DF941}.Release|Any CPU.ActiveCfg = Release|Any CPU
		{7124CCCF-A6B0-4112-8F5A-A7B8AE8DF941}.Release|Any CPU.Build.0 = Release|Any CPU
		{DA2B5ACD-8DAB-48E5-B2C4-0C476B10CC1A}.Debug|Any CPU.ActiveCfg = Debug|Any CPU
		{DA2B5ACD-8DAB-48E5-B2C4-0C476B10CC1A}.Debug|Any CPU.Build.0 = Debug|Any CPU
		{DA2B5ACD-8DAB-48E5-B2C4-0C476B10CC1A}.Release|Any CPU.ActiveCfg = Release|Any CPU
		{DA2B5ACD-8DAB-48E5-B2C4-0C476B10CC1A}.Release|Any CPU.Build.0 = Release|Any CPU
		{B77D3C67-B690-48CA-BB3A-E75CEC60892D}.Debug|Any CPU.ActiveCfg = Debug|Any CPU
		{B77D3C67-B690-48CA-BB3A-E75CEC60892D}.Debug|Any CPU.Build.0 = Debug|Any CPU
		{B77D3C67-B690-48CA-BB3A-E75CEC60892D}.Release|Any CPU.ActiveCfg = Release|Any CPU
		{B77D3C67-B690-48CA-BB3A-E75CEC60892D}.Release|Any CPU.Build.0 = Release|Any CPU
		{E2417084-B584-4203-A099-1D53FA741976}.Debug|Any CPU.ActiveCfg = Debug|Any CPU
		{E2417084-B584-4203-A099-1D53FA741976}.Debug|Any CPU.Build.0 = Debug|Any CPU
		{E2417084-B584-4203-A099-1D53FA741976}.Release|Any CPU.ActiveCfg = Release|Any CPU
		{E2417084-B584-4203-A099-1D53FA741976}.Release|Any CPU.Build.0 = Release|Any CPU
		{1AF11F9D-DCC7-4BFD-993C-87BC5DF3E916}.Debug|Any CPU.ActiveCfg = Debug|Any CPU
		{1AF11F9D-DCC7-4BFD-993C-87BC5DF3E916}.Debug|Any CPU.Build.0 = Debug|Any CPU
		{1AF11F9D-DCC7-4BFD-993C-87BC5DF3E916}.Release|Any CPU.ActiveCfg = Release|Any CPU
		{1AF11F9D-DCC7-4BFD-993C-87BC5DF3E916}.Release|Any CPU.Build.0 = Release|Any CPU
		{7B8DCA18-2B76-46F1-89B7-C832CA8BE2FE}.Debug|Any CPU.ActiveCfg = Debug|Any CPU
		{7B8DCA18-2B76-46F1-89B7-C832CA8BE2FE}.Debug|Any CPU.Build.0 = Debug|Any CPU
		{7B8DCA18-2B76-46F1-89B7-C832CA8BE2FE}.Release|Any CPU.ActiveCfg = Release|Any CPU
		{7B8DCA18-2B76-46F1-89B7-C832CA8BE2FE}.Release|Any CPU.Build.0 = Release|Any CPU
		{5AA94509-3211-4209-B0B2-BCE5F5D2E722}.Debug|Any CPU.ActiveCfg = Debug|Any CPU
		{5AA94509-3211-4209-B0B2-BCE5F5D2E722}.Debug|Any CPU.Build.0 = Debug|Any CPU
		{5AA94509-3211-4209-B0B2-BCE5F5D2E722}.Release|Any CPU.ActiveCfg = Release|Any CPU
		{5AA94509-3211-4209-B0B2-BCE5F5D2E722}.Release|Any CPU.Build.0 = Release|Any CPU
		{639F84E9-6474-4E23-9A8F-D862B9683BFA}.Debug|Any CPU.ActiveCfg = Debug|Any CPU
		{639F84E9-6474-4E23-9A8F-D862B9683BFA}.Debug|Any CPU.Build.0 = Debug|Any CPU
		{639F84E9-6474-4E23-9A8F-D862B9683BFA}.Release|Any CPU.ActiveCfg = Release|Any CPU
		{639F84E9-6474-4E23-9A8F-D862B9683BFA}.Release|Any CPU.Build.0 = Release|Any CPU
		{033F9093-37A7-487B-B732-19546B456721}.Debug|Any CPU.ActiveCfg = Debug|Any CPU
		{033F9093-37A7-487B-B732-19546B456721}.Debug|Any CPU.Build.0 = Debug|Any CPU
		{033F9093-37A7-487B-B732-19546B456721}.Release|Any CPU.ActiveCfg = Release|Any CPU
		{033F9093-37A7-487B-B732-19546B456721}.Release|Any CPU.Build.0 = Release|Any CPU
		{32302219-C273-43DF-BC84-49CB5820D83C}.Debug|Any CPU.ActiveCfg = Debug|Any CPU
		{32302219-C273-43DF-BC84-49CB5820D83C}.Debug|Any CPU.Build.0 = Debug|Any CPU
		{32302219-C273-43DF-BC84-49CB5820D83C}.Release|Any CPU.ActiveCfg = Release|Any CPU
		{32302219-C273-43DF-BC84-49CB5820D83C}.Release|Any CPU.Build.0 = Release|Any CPU
		{F5C0214E-11B3-41C6-A4B0-25A552170810}.Debug|Any CPU.ActiveCfg = Debug|Any CPU
		{F5C0214E-11B3-41C6-A4B0-25A552170810}.Debug|Any CPU.Build.0 = Debug|Any CPU
		{F5C0214E-11B3-41C6-A4B0-25A552170810}.Release|Any CPU.ActiveCfg = Release|Any CPU
		{F5C0214E-11B3-41C6-A4B0-25A552170810}.Release|Any CPU.Build.0 = Release|Any CPU
		{C2658461-18DD-42FE-98D5-873915413718}.Debug|Any CPU.ActiveCfg = Debug|Any CPU
		{C2658461-18DD-42FE-98D5-873915413718}.Debug|Any CPU.Build.0 = Debug|Any CPU
		{C2658461-18DD-42FE-98D5-873915413718}.Release|Any CPU.ActiveCfg = Release|Any CPU
		{C2658461-18DD-42FE-98D5-873915413718}.Release|Any CPU.Build.0 = Release|Any CPU
		{E68B7FF3-541D-4DF8-9D2A-35E8C071463F}.Debug|Any CPU.ActiveCfg = Debug|Any CPU
		{E68B7FF3-541D-4DF8-9D2A-35E8C071463F}.Debug|Any CPU.Build.0 = Debug|Any CPU
		{E68B7FF3-541D-4DF8-9D2A-35E8C071463F}.Release|Any CPU.ActiveCfg = Release|Any CPU
		{E68B7FF3-541D-4DF8-9D2A-35E8C071463F}.Release|Any CPU.Build.0 = Release|Any CPU
		{3BDF367B-09C3-488B-87B1-DB02D53FDC59}.Debug|Any CPU.ActiveCfg = Debug|Any CPU
		{3BDF367B-09C3-488B-87B1-DB02D53FDC59}.Debug|Any CPU.Build.0 = Debug|Any CPU
		{3BDF367B-09C3-488B-87B1-DB02D53FDC59}.Release|Any CPU.ActiveCfg = Release|Any CPU
		{3BDF367B-09C3-488B-87B1-DB02D53FDC59}.Release|Any CPU.Build.0 = Release|Any CPU
		{DCF7A36A-D62D-4018-8E8A-AF2D19723A16}.Debug|Any CPU.ActiveCfg = Debug|Any CPU
		{DCF7A36A-D62D-4018-8E8A-AF2D19723A16}.Debug|Any CPU.Build.0 = Debug|Any CPU
		{DCF7A36A-D62D-4018-8E8A-AF2D19723A16}.Release|Any CPU.ActiveCfg = Release|Any CPU
		{DCF7A36A-D62D-4018-8E8A-AF2D19723A16}.Release|Any CPU.Build.0 = Release|Any CPU
		{E328F9B2-8E2B-45AD-88EF-0FFD4474C17D}.Debug|Any CPU.ActiveCfg = Debug|Any CPU
		{E328F9B2-8E2B-45AD-88EF-0FFD4474C17D}.Debug|Any CPU.Build.0 = Debug|Any CPU
		{E328F9B2-8E2B-45AD-88EF-0FFD4474C17D}.Release|Any CPU.ActiveCfg = Release|Any CPU
		{E328F9B2-8E2B-45AD-88EF-0FFD4474C17D}.Release|Any CPU.Build.0 = Release|Any CPU
		{1A60B0D8-25C1-4F05-B46F-DD1B5C11E8DA}.Debug|Any CPU.ActiveCfg = Debug|Any CPU
		{1A60B0D8-25C1-4F05-B46F-DD1B5C11E8DA}.Debug|Any CPU.Build.0 = Debug|Any CPU
		{1A60B0D8-25C1-4F05-B46F-DD1B5C11E8DA}.Release|Any CPU.ActiveCfg = Release|Any CPU
		{1A60B0D8-25C1-4F05-B46F-DD1B5C11E8DA}.Release|Any CPU.Build.0 = Release|Any CPU
		{2125A16D-BA5B-4218-ADA9-A0CDB9EF1E71}.Debug|Any CPU.ActiveCfg = Debug|Any CPU
		{2125A16D-BA5B-4218-ADA9-A0CDB9EF1E71}.Debug|Any CPU.Build.0 = Debug|Any CPU
		{2125A16D-BA5B-4218-ADA9-A0CDB9EF1E71}.Release|Any CPU.ActiveCfg = Release|Any CPU
		{2125A16D-BA5B-4218-ADA9-A0CDB9EF1E71}.Release|Any CPU.Build.0 = Release|Any CPU
		{D5E93AEB-4850-4114-A334-B7911354E4D6}.Debug|Any CPU.ActiveCfg = Debug|Any CPU
		{D5E93AEB-4850-4114-A334-B7911354E4D6}.Debug|Any CPU.Build.0 = Debug|Any CPU
		{D5E93AEB-4850-4114-A334-B7911354E4D6}.Release|Any CPU.ActiveCfg = Release|Any CPU
		{D5E93AEB-4850-4114-A334-B7911354E4D6}.Release|Any CPU.Build.0 = Release|Any CPU
		{E400310A-D26A-4ADA-839B-FB2B047F1646}.Debug|Any CPU.ActiveCfg = Debug|Any CPU
		{E400310A-D26A-4ADA-839B-FB2B047F1646}.Debug|Any CPU.Build.0 = Debug|Any CPU
		{E400310A-D26A-4ADA-839B-FB2B047F1646}.Release|Any CPU.ActiveCfg = Release|Any CPU
		{E400310A-D26A-4ADA-839B-FB2B047F1646}.Release|Any CPU.Build.0 = Release|Any CPU
		{6CCFFD0B-A4BC-4421-AE4A-2D41FAB447DA}.Debug|Any CPU.ActiveCfg = Debug|Any CPU
		{6CCFFD0B-A4BC-4421-AE4A-2D41FAB447DA}.Debug|Any CPU.Build.0 = Debug|Any CPU
		{6CCFFD0B-A4BC-4421-AE4A-2D41FAB447DA}.Release|Any CPU.ActiveCfg = Release|Any CPU
		{6CCFFD0B-A4BC-4421-AE4A-2D41FAB447DA}.Release|Any CPU.Build.0 = Release|Any CPU
		{84FF4F90-FBFE-4B76-9ED7-FD0475BAB5E8}.Debug|Any CPU.ActiveCfg = Debug|Any CPU
		{84FF4F90-FBFE-4B76-9ED7-FD0475BAB5E8}.Debug|Any CPU.Build.0 = Debug|Any CPU
		{84FF4F90-FBFE-4B76-9ED7-FD0475BAB5E8}.Release|Any CPU.ActiveCfg = Release|Any CPU
		{84FF4F90-FBFE-4B76-9ED7-FD0475BAB5E8}.Release|Any CPU.Build.0 = Release|Any CPU
	EndGlobalSection
	GlobalSection(SolutionProperties) = preSolution
		HideSolutionNode = FALSE
	EndGlobalSection
	GlobalSection(NestedProjects) = preSolution
		{912FACDC-41F9-40FF-AAEA-783813BAE355} = {2A041191-CF54-40C5-B1C4-605163627501}
		{9CF46DA8-9C79-456E-BC36-09E0834415A9} = {89624BA3-84EC-4D97-B717-BEAE658D6234}
		{E2D0ABFD-362D-4E08-81E7-8710EFAE09F1} = {D940A68E-B545-4061-A011-537EFFDE59AD}
		{25413B10-69BA-418F-A6A0-204961105DD1} = {D940A68E-B545-4061-A011-537EFFDE59AD}
		{8508E019-7E7E-4DE8-B703-C6A8C75FFF1D} = {B07FE8D7-A187-4759-9063-EAE3003590C8}
		{608F3A2B-C0E7-4187-A981-7D40CBB91A35} = {2A041191-CF54-40C5-B1C4-605163627501}
		{A7BBA871-982E-418A-A7D3-686F16795041} = {2A041191-CF54-40C5-B1C4-605163627501}
		{9F24F65A-068D-43D4-A162-B945CB201BCD} = {D940A68E-B545-4061-A011-537EFFDE59AD}
		{AC2085C4-9504-483D-84D8-BD02E08B654B} = {B07FE8D7-A187-4759-9063-EAE3003590C8}
		{0C3D5FA7-5100-45BD-B9D4-66982DF9BAAF} = {05B1560F-B4F8-4753-B57E-A35CDC521CDD}
		{3D6909CB-FAE5-43D0-9EE4-FD580115994E} = {05B1560F-B4F8-4753-B57E-A35CDC521CDD}
		{6E67C138-9C4D-47F3-B88F-F10B1FA987B6} = {05B1560F-B4F8-4753-B57E-A35CDC521CDD}
		{A6369705-4F6D-42A2-932D-EA1E6E682E84} = {2A041191-CF54-40C5-B1C4-605163627501}
		{4865352D-9842-4EB3-8B75-2146014C6E83} = {2A041191-CF54-40C5-B1C4-605163627501}
		{8FEAF15F-8074-49E3-9EF2-A31D1E1833A8} = {B07FE8D7-A187-4759-9063-EAE3003590C8}
		{A2719B44-8E20-4EAF-A8D8-0B54006933FB} = {B07FE8D7-A187-4759-9063-EAE3003590C8}
		{7005C85A-72AE-48E9-B64B-7D2B14071939} = {B07FE8D7-A187-4759-9063-EAE3003590C8}
		{A40E71EA-9A93-4873-AA35-6B567B413AAE} = {05B1560F-B4F8-4753-B57E-A35CDC521CDD}
		{9F6322FE-C79B-4306-9907-06A750E4299C} = {EF8BA2C8-EAB7-447D-93A4-742B7C5D0346}
		{A0A10018-2611-4A2E-9E6D-60E2696B6B2D} = {05B1560F-B4F8-4753-B57E-A35CDC521CDD}
		{E5E2FA9F-F3A5-4F72-8525-036835332163} = {6C4AD0EA-F5F6-4686-98BC-5314E4766BD7}
		{1C6710A7-055F-4797-9B76-03B10BEC41AE} = {6C4AD0EA-F5F6-4686-98BC-5314E4766BD7}
		{CE0EAAE2-6A5B-4DE0-B8AB-CFB4920CB6E0} = {6C4AD0EA-F5F6-4686-98BC-5314E4766BD7}
		{8105DD6E-2F5A-4EDC-B800-7582A0CF5270} = {5A4D3C8A-5107-41D4-B1AE-B0CB654ED803}
		{C167CF4D-7659-43E8-A70A-457559160104} = {6C4AD0EA-F5F6-4686-98BC-5314E4766BD7}
		{92F1FA6C-9772-4DD4-8D60-780FC20D63BB} = {6C4AD0EA-F5F6-4686-98BC-5314E4766BD7}
		{A11D7AE6-6511-4CA1-89F1-768D1FE0270A} = {6C4AD0EA-F5F6-4686-98BC-5314E4766BD7}
		{89624BA3-84EC-4D97-B717-BEAE658D6234} = {A10D6ACD-E80F-4EA5-B327-AEE29B2F84D8}
		{890C5859-C3E4-44D6-9983-4B8994C6A7D0} = {89624BA3-84EC-4D97-B717-BEAE658D6234}
		{05019ED2-4099-4A1F-A73D-7693EAEA88CD} = {A10D6ACD-E80F-4EA5-B327-AEE29B2F84D8}
		{BA19DF29-5DA7-4225-BEAD-4685549B4683} = {05019ED2-4099-4A1F-A73D-7693EAEA88CD}
		{7124CCCF-A6B0-4112-8F5A-A7B8AE8DF941} = {2A041191-CF54-40C5-B1C4-605163627501}
		{DA2B5ACD-8DAB-48E5-B2C4-0C476B10CC1A} = {89624BA3-84EC-4D97-B717-BEAE658D6234}
		{B77D3C67-B690-48CA-BB3A-E75CEC60892D} = {05019ED2-4099-4A1F-A73D-7693EAEA88CD}
		{E2417084-B584-4203-A099-1D53FA741976} = {D940A68E-B545-4061-A011-537EFFDE59AD}
		{1AF11F9D-DCC7-4BFD-993C-87BC5DF3E916} = {B07FE8D7-A187-4759-9063-EAE3003590C8}
		{7B8DCA18-2B76-46F1-89B7-C832CA8BE2FE} = {B07FE8D7-A187-4759-9063-EAE3003590C8}
		{5AA94509-3211-4209-B0B2-BCE5F5D2E722} = {6C4AD0EA-F5F6-4686-98BC-5314E4766BD7}
		{639F84E9-6474-4E23-9A8F-D862B9683BFA} = {6C4AD0EA-F5F6-4686-98BC-5314E4766BD7}
		{79F4C4B9-5010-4C10-8E98-04FCF555F126} = {05019ED2-4099-4A1F-A73D-7693EAEA88CD}
		{3E94EF8E-9538-4BA9-B39E-DCA17D582076} = {A10D6ACD-E80F-4EA5-B327-AEE29B2F84D8}
		{32302219-C273-43DF-BC84-49CB5820D83C} = {3E94EF8E-9538-4BA9-B39E-DCA17D582076}
		{F5C0214E-11B3-41C6-A4B0-25A552170810} = {A10D6ACD-E80F-4EA5-B327-AEE29B2F84D8}
		{C2658461-18DD-42FE-98D5-873915413718} = {6C4AD0EA-F5F6-4686-98BC-5314E4766BD7}
		{033F9093-37A7-487B-B732-19546B456721} = {A9AEC794-1C6A-424F-AFEB-B87D5812F757}
		{E68B7FF3-541D-4DF8-9D2A-35E8C071463F} = {A9AEC794-1C6A-424F-AFEB-B87D5812F757}
		{67B4C3B1-DF3C-46ED-9A5A-7BC38F7EB1AE} = {A9AEC794-1C6A-424F-AFEB-B87D5812F757}
		{3BDF367B-09C3-488B-87B1-DB02D53FDC59} = {67B4C3B1-DF3C-46ED-9A5A-7BC38F7EB1AE}
		{DCF7A36A-D62D-4018-8E8A-AF2D19723A16} = {A9AEC794-1C6A-424F-AFEB-B87D5812F757}
		{E328F9B2-8E2B-45AD-88EF-0FFD4474C17D} = {67B4C3B1-DF3C-46ED-9A5A-7BC38F7EB1AE}
		{1A60B0D8-25C1-4F05-B46F-DD1B5C11E8DA} = {6C4AD0EA-F5F6-4686-98BC-5314E4766BD7}
		{2125A16D-BA5B-4218-ADA9-A0CDB9EF1E71} = {A9AEC794-1C6A-424F-AFEB-B87D5812F757}
		{D5E93AEB-4850-4114-A334-B7911354E4D6} = {A9AEC794-1C6A-424F-AFEB-B87D5812F757}
		{E400310A-D26A-4ADA-839B-FB2B047F1646} = {67B4C3B1-DF3C-46ED-9A5A-7BC38F7EB1AE}
		{6CCFFD0B-A4BC-4421-AE4A-2D41FAB447DA} = {2A041191-CF54-40C5-B1C4-605163627501}
		{84FF4F90-FBFE-4B76-9ED7-FD0475BAB5E8} = {2A041191-CF54-40C5-B1C4-605163627501}
	EndGlobalSection
	GlobalSection(ExtensibilityGlobals) = postSolution
		SolutionGuid = {4FB46351-3377-49DE-A425-D9F50B51B4D5}
	EndGlobalSection
	GlobalSection(MonoDevelopProperties) = preSolution
		Policies = $0
		$0.DotNetNamingPolicy = $1
		$1.DirectoryNamespaceAssociation = PrefixedHierarchical
		$0.TextStylePolicy = $4
	EndGlobalSection
EndGlobal
